
Microsoft Visual Studio Solution File, Format Version 12.00
# Visual Studio 15
VisualStudioVersion = 15.0.26730.8
MinimumVisualStudioVersion = 10.0.40219.1
Project("{FAE04EC0-301F-11D3-BF4B-00C04F79EFBC}") = "Part2-CreatingAStyle", "CreatingAStyle\Part2-CreatingAStyle.csproj", "{458DC17E-24AA-4D1B-BAA5-497483E3E141}"
EndProject
Global
	GlobalSection(SolutionConfigurationPlatforms) = preSolution
		Debug|Any CPU = Debug|Any CPU
		Release|Any CPU = Release|Any CPU
	EndGlobalSection
	GlobalSection(ProjectConfigurationPlatforms) = postSolution
		{458DC17E-24AA-4D1B-BAA5-497483E3E141}.Debug|Any CPU.ActiveCfg = Debug|Any CPU
		{458DC17E-24AA-4D1B-BAA5-497483E3E141}.Debug|Any CPU.Build.0 = Debug|Any CPU
		{458DC17E-24AA-4D1B-BAA5-497483E3E141}.Release|Any CPU.ActiveCfg = Release|Any CPU
		{458DC17E-24AA-4D1B-BAA5-497483E3E141}.Release|Any CPU.Build.0 = Release|Any CPU
	EndGlobalSection
	GlobalSection(SolutionProperties) = preSolution
		HideSolutionNode = FALSE
	EndGlobalSection
	GlobalSection(ExtensibilityGlobals) = postSolution
		SolutionGuid = {D9715A63-3CE6-4F34-ADE7-A799AB4EFA46}
	EndGlobalSection
EndGlobal
